
Microsoft Visual Studio Solution File, Format Version 12.00
# Visual Studio 14
VisualStudioVersion = 14.0.25420.1
MinimumVisualStudioVersion = 10.0.40219.1
Project("{2150E333-8FDC-42A3-9474-1A3956D46DE8}") = "Application", "Application", "{9246C7EC-6CF0-4D20-B1C5-466E43043523}"
EndProject
Project("{2150E333-8FDC-42A3-9474-1A3956D46DE8}") = "Consoles", "Consoles", "{5C681BBE-C2C7-4AAC-8E8F-46685D715B15}"
EndProject
Project("{2150E333-8FDC-42A3-9474-1A3956D46DE8}") = "Domain", "Domain", "{3E69C454-0761-4F0B-B42E-01FEF4CE425A}"
EndProject
Project("{2150E333-8FDC-42A3-9474-1A3956D46DE8}") = "Examples", "Examples", "{637B50E2-D9EF-487D-82D4-174EC8A0C5B6}"
EndProject
Project("{2150E333-8FDC-42A3-9474-1A3956D46DE8}") = "Helper", "Helper", "{2BEBDFFA-CC17-4554-8DE8-3912E69B3830}"
EndProject
Project("{2150E333-8FDC-42A3-9474-1A3956D46DE8}") = "Infrastructure", "Infrastructure", "{8D39B4E0-0378-43CF-95F7-DD37C2512C88}"
EndProject
Project("{2150E333-8FDC-42A3-9474-1A3956D46DE8}") = "Model", "Model", "{070CCD8F-6F44-444E-9B44-7330EA0B1336}"
EndProject
Project("{2150E333-8FDC-42A3-9474-1A3956D46DE8}") = "Wcfs", "Wcfs", "{99173713-E9BD-4192-9520-028E0C1F72C3}"
EndProject
Project("{2150E333-8FDC-42A3-9474-1A3956D46DE8}") = "WebApis", "WebApis", "{8C527754-9CDB-4E83-ADC5-65327694990B}"
EndProject
Project("{2150E333-8FDC-42A3-9474-1A3956D46DE8}") = "Webs", "Webs", "{1F9769E9-75FC-4D34-9105-DC423D8B7AD2}"
EndProject
Project("{2150E333-8FDC-42A3-9474-1A3956D46DE8}") = "WindowsServices", "WindowsServices", "{23ADE02A-7C87-43A7-B3DC-4C13EADC0155}"
EndProject
Project("{FAE04EC0-301F-11D3-BF4B-00C04F79EFBC}") = "Application.Applications", "Application\Applications\Application.Applications.csproj", "{B68E6B67-9084-4F72-B089-F770126FAA43}"
EndProject
Project("{FAE04EC0-301F-11D3-BF4B-00C04F79EFBC}") = "Consoles.Console", "Consoles\Console\Consoles.Console.csproj", "{606C4DD6-3FF7-4B27-8F85-20F6D4170661}"
EndProject
Project("{FAE04EC0-301F-11D3-BF4B-00C04F79EFBC}") = "Domain.Domains", "Domain\Domains\Domain.Domains.csproj", "{F207FEF9-8E89-4C17-B054-BBE6BDE77FEF}"
EndProject
Project("{2150E333-8FDC-42A3-9474-1A3956D46DE8}") = "Databases", "Databases", "{CF0F5407-380F-4BE2-9077-7639D744626C}"
EndProject
Project("{2150E333-8FDC-42A3-9474-1A3956D46DE8}") = "SqlServer", "SqlServer", "{4AEA4FD5-3C89-4826-AACE-B5222D11B196}"
	ProjectSection(SolutionItems) = preProject
		Examples\Databases\SqlServer\Helpers\Base64ToBinary.sql = Examples\Databases\SqlServer\Helpers\Base64ToBinary.sql
		Examples\Databases\SqlServer\Helpers\DateTimeFormat.sql = Examples\Databases\SqlServer\Helpers\DateTimeFormat.sql
		Examples\Databases\SqlServer\Helpers\OrderPaging.sql = Examples\Databases\SqlServer\Helpers\OrderPaging.sql
		Examples\Databases\SqlServer\Helpers\OrderPaging2012.sql = Examples\Databases\SqlServer\Helpers\OrderPaging2012.sql
		Examples\Databases\SqlServer\Helpers\Search.sql = Examples\Databases\SqlServer\Helpers\Search.sql
		Examples\Databases\SqlServer\Helpers\While.sql = Examples\Databases\SqlServer\Helpers\While.sql
		Examples\Databases\SqlServer\Helpers\XML.sql = Examples\Databases\SqlServer\Helpers\XML.sql
	EndProjectSection
EndProject
Project("{2150E333-8FDC-42A3-9474-1A3956D46DE8}") = "Procedures", "Procedures", "{BF539BF9-D0C2-4EDB-BE52-0D9BAFBA77AE}"
	ProjectSection(SolutionItems) = preProject
		Examples\Databases\SqlServer\Procedures\Delete.sql = Examples\Databases\SqlServer\Procedures\Delete.sql
		Examples\Databases\SqlServer\Procedures\Insert.sql = Examples\Databases\SqlServer\Procedures\Insert.sql
		Examples\Databases\SqlServer\Procedures\List.sql = Examples\Databases\SqlServer\Procedures\List.sql
		Examples\Databases\SqlServer\Procedures\Select.sql = Examples\Databases\SqlServer\Procedures\Select.sql
		Examples\Databases\SqlServer\Procedures\Update.sql = Examples\Databases\SqlServer\Procedures\Update.sql
	EndProjectSection
EndProject
Project("{2150E333-8FDC-42A3-9474-1A3956D46DE8}") = "DesignPatterns", "DesignPatterns", "{41F3A245-24F1-4DF3-B21A-6E319391943C}"
EndProject
Project("{2150E333-8FDC-42A3-9474-1A3956D46DE8}") = "Behavioral", "Behavioral", "{96E1AE6E-74E7-491D-8984-CB555D05ECFD}"
EndProject
Project("{2150E333-8FDC-42A3-9474-1A3956D46DE8}") = "Creational", "Creational", "{D5499BEF-0ED1-43E6-93E1-C0521989EAF1}"
EndProject
Project("{2150E333-8FDC-42A3-9474-1A3956D46DE8}") = "Structural", "Structural", "{A39FC80F-5F3A-46CC-9671-914425345146}"
EndProject
Project("{FAE04EC0-301F-11D3-BF4B-00C04F79EFBC}") = "ChainOfResponsibility", "Examples\DesignPatterns\Behavioral\ChainOfResponsibility\ChainOfResponsibility.csproj", "{E64340BC-F7A6-4AD7-88E9-CE04FA9FB25D}"
EndProject
Project("{FAE04EC0-301F-11D3-BF4B-00C04F79EFBC}") = "Command", "Examples\DesignPatterns\Behavioral\Command\Command.csproj", "{CDE38180-2724-457D-9374-04A5F347F005}"
EndProject
Project("{FAE04EC0-301F-11D3-BF4B-00C04F79EFBC}") = "Interpreter", "Examples\DesignPatterns\Behavioral\Interpreter\Interpreter.csproj", "{E06496E0-EF58-47D3-9726-6889117B1951}"
EndProject
Project("{FAE04EC0-301F-11D3-BF4B-00C04F79EFBC}") = "Iterator", "Examples\DesignPatterns\Behavioral\Iterator\Iterator.csproj", "{8604DA06-16F4-44FF-9C6F-0D286A8E6632}"
EndProject
Project("{FAE04EC0-301F-11D3-BF4B-00C04F79EFBC}") = "Mediator", "Examples\DesignPatterns\Behavioral\Mediator\Mediator.csproj", "{2D33A5A4-D2B3-4CF6-9C5E-B7BD4FEE30C4}"
EndProject
Project("{FAE04EC0-301F-11D3-BF4B-00C04F79EFBC}") = "Memento", "Examples\DesignPatterns\Behavioral\Memento\Memento.csproj", "{7D6541CE-527C-45F7-9AE6-E809A3E68900}"
EndProject
Project("{FAE04EC0-301F-11D3-BF4B-00C04F79EFBC}") = "Observer", "Examples\DesignPatterns\Behavioral\Observer\Observer.csproj", "{39CCF17B-32F4-43E5-83D1-57E3AE0A7112}"
EndProject
Project("{FAE04EC0-301F-11D3-BF4B-00C04F79EFBC}") = "State", "Examples\DesignPatterns\Behavioral\State\State.csproj", "{04E5876F-AD0B-4636-B3A0-0179BFED8F97}"
EndProject
Project("{FAE04EC0-301F-11D3-BF4B-00C04F79EFBC}") = "Strategy", "Examples\DesignPatterns\Behavioral\Strategy\Strategy.csproj", "{20C7B7B5-5CC4-4F4D-9B8C-759E18F967DE}"
EndProject
Project("{FAE04EC0-301F-11D3-BF4B-00C04F79EFBC}") = "TemplateMethod", "Examples\DesignPatterns\Behavioral\TemplateMethod\TemplateMethod.csproj", "{28BF0FA9-6708-4F10-95EE-258D5811A3DD}"
EndProject
Project("{FAE04EC0-301F-11D3-BF4B-00C04F79EFBC}") = "Visitor", "Examples\DesignPatterns\Behavioral\Visitor\Visitor.csproj", "{B74F72E8-A37F-4724-852F-BF659396031B}"
EndProject
Project("{FAE04EC0-301F-11D3-BF4B-00C04F79EFBC}") = "AbstractFactory", "Examples\DesignPatterns\Creational\AbstractFactory\AbstractFactory.csproj", "{87A39265-22D3-4E5E-BFD2-F9A1221ACC36}"
EndProject
Project("{FAE04EC0-301F-11D3-BF4B-00C04F79EFBC}") = "Builder", "Examples\DesignPatterns\Creational\Builder\Builder.csproj", "{0A0254A3-62BD-45DE-9AE6-806C9A83CD1A}"
EndProject
Project("{FAE04EC0-301F-11D3-BF4B-00C04F79EFBC}") = "FactoryMethod", "Examples\DesignPatterns\Creational\FactoryMethod\FactoryMethod.csproj", "{4489634F-67AA-40D1-B0A6-592293ADAF77}"
EndProject
Project("{FAE04EC0-301F-11D3-BF4B-00C04F79EFBC}") = "Prototype", "Examples\DesignPatterns\Creational\Prototype\Prototype.csproj", "{DB73A0FF-CFC8-4267-BDF1-23A8F44D9E2D}"
EndProject
Project("{FAE04EC0-301F-11D3-BF4B-00C04F79EFBC}") = "Singleton", "Examples\DesignPatterns\Creational\Singleton\Singleton.csproj", "{F1F28673-726B-4FF2-93AF-C3170482ABBD}"
EndProject
Project("{FAE04EC0-301F-11D3-BF4B-00C04F79EFBC}") = "Adapter", "Examples\DesignPatterns\Structural\Adapter\Adapter.csproj", "{F4E31110-07C8-4364-A788-C8F87E9DE17D}"
EndProject
Project("{FAE04EC0-301F-11D3-BF4B-00C04F79EFBC}") = "Bridge", "Examples\DesignPatterns\Structural\Bridge\Bridge.csproj", "{30FF00AC-1291-42BF-969B-BCBFE1AB0926}"
EndProject
Project("{FAE04EC0-301F-11D3-BF4B-00C04F79EFBC}") = "Composite", "Examples\DesignPatterns\Structural\Composite\Composite.csproj", "{2532D203-14DA-4777-ADB9-CECF4B10B462}"
EndProject
Project("{FAE04EC0-301F-11D3-BF4B-00C04F79EFBC}") = "Decorator", "Examples\DesignPatterns\Structural\Decorator\Decorator.csproj", "{18264CBD-8B53-473F-8F75-2C78F538EAB7}"
EndProject
Project("{FAE04EC0-301F-11D3-BF4B-00C04F79EFBC}") = "Facade", "Examples\DesignPatterns\Structural\Facade\Facade.csproj", "{B8D54DB3-A079-44DE-B49F-84792D3DCF4E}"
EndProject
Project("{FAE04EC0-301F-11D3-BF4B-00C04F79EFBC}") = "Flyweight", "Examples\DesignPatterns\Structural\Flyweight\Flyweight.csproj", "{19AE23C9-B661-4940-B243-DFA04A4F74F3}"
EndProject
Project("{FAE04EC0-301F-11D3-BF4B-00C04F79EFBC}") = "Proxy", "Examples\DesignPatterns\Structural\Proxy\Proxy.csproj", "{5ABC7F53-FB3B-41EB-8218-475A2CF5A66E}"
EndProject
Project("{FAE04EC0-301F-11D3-BF4B-00C04F79EFBC}") = "Helper.Dependency", "Helper\Dependency\Helper.Dependency.csproj", "{A245B284-2A3C-46D2-8083-23FF364F53A5}"
EndProject
Project("{FAE04EC0-301F-11D3-BF4B-00C04F79EFBC}") = "Helper.Extensions", "Helper\Extensions\Helper.Extensions.csproj", "{B2059717-A83F-4C68-B5E5-690558E4350B}"
EndProject
Project("{FAE04EC0-301F-11D3-BF4B-00C04F79EFBC}") = "Helper.Logging", "Helper\Logging\Helper.Logging.csproj", "{AF8EF9F5-0CE1-4BA1-8702-FB26C41EBD28}"
EndProject
Project("{FAE04EC0-301F-11D3-BF4B-00C04F79EFBC}") = "Helper.Mapping", "Helper\Mapping\Helper.Mapping.csproj", "{39C01E04-15BF-4C60-B677-321CD39B8279}"
EndProject
Project("{FAE04EC0-301F-11D3-BF4B-00C04F79EFBC}") = "Helper.Messaging", "Helper\Messaging\Helper.Messaging.csproj", "{E2067B9F-23D4-4D75-9D08-EE9D28D6D717}"
EndProject
Project("{FAE04EC0-301F-11D3-BF4B-00C04F79EFBC}") = "Helper.Security", "Helper\Security\Helper.Security.csproj", "{52C73532-641C-4F5F-B53C-668FF5D16BDA}"
EndProject
Project("{FAE04EC0-301F-11D3-BF4B-00C04F79EFBC}") = "Helper.Values", "Helper\Values\Helper.Values.csproj", "{1416FBFE-0BA8-4C10-9906-1AEB53BD80E6}"
EndProject
Project("{FAE04EC0-301F-11D3-BF4B-00C04F79EFBC}") = "Infrastructure.Databases", "Infrastructure\Databases\Infrastructure.Databases.csproj", "{80338BCC-320E-4060-8C45-BE41B55CB78E}"
EndProject
Project("{FAE04EC0-301F-11D3-BF4B-00C04F79EFBC}") = "Infrastructure.Databases.EntityFramework", "Infrastructure\Databases.EntityFramework\Infrastructure.Databases.EntityFramework.csproj", "{AA5E5EDF-53A9-4632-8660-6ACDC8B52C69}"
EndProject
Project("{FAE04EC0-301F-11D3-BF4B-00C04F79EFBC}") = "Infrastructure.Databases.Interfaces", "Infrastructure\Databases.Interfaces\Infrastructure.Databases.Interfaces.csproj", "{E629AD05-0134-4F2F-80BA-8A19C4D3B500}"
EndProject
Project("{FAE04EC0-301F-11D3-BF4B-00C04F79EFBC}") = "Model.Constants", "Model\Constants\Model.Constants.csproj", "{6D176550-8B89-4C7C-A595-47A20C34B22E}"
EndProject
Project("{FAE04EC0-301F-11D3-BF4B-00C04F79EFBC}") = "Model.Enums", "Model\Enums\Model.Enums.csproj", "{1D6C22D5-319B-46DE-9FB9-79CE5D4B7ADE}"
EndProject
Project("{FAE04EC0-301F-11D3-BF4B-00C04F79EFBC}") = "Model.Exceptions", "Model\Exceptions\Model.Exceptions.csproj", "{46FF2FB4-272E-45E4-91B7-065FC6260537}"
EndProject
Project("{FAE04EC0-301F-11D3-BF4B-00C04F79EFBC}") = "Model.Models", "Model\Models\Model.Models.csproj", "{61666C74-2043-463F-B1AA-71232C9A27EE}"
EndProject
Project("{FAE04EC0-301F-11D3-BF4B-00C04F79EFBC}") = "Wcfs.Wcf", "Wcfs\Wcf\Wcfs.Wcf.csproj", "{75B6C219-612E-46F0-9755-FADC23387588}"
EndProject
Project("{FAE04EC0-301F-11D3-BF4B-00C04F79EFBC}") = "WebApis.WebApi", "WebApis\WebApi\WebApis.WebApi.csproj", "{100DA653-662B-4B33-B1B3-C86940E6DE86}"
EndProject
Project("{FAE04EC0-301F-11D3-BF4B-00C04F79EFBC}") = "Webs.Web", "Webs\Web\Webs.Web.csproj", "{AB3E77AB-58B5-4A7D-BF7D-EBB37710DEC5}"
EndProject
Project("{FAE04EC0-301F-11D3-BF4B-00C04F79EFBC}") = "WindowsServices.WindowsService", "WindowsServices\WindowsService\WindowsServices.WindowsService.csproj", "{533289C0-D1D7-454F-AE9C-113CC700F237}"
EndProject
Project("{FAE04EC0-301F-11D3-BF4B-00C04F79EFBC}") = "Helper.Collections", "Helper\Collections\Helper.Collections.csproj", "{A5B67AC2-4392-43B1-B98D-859EAA83945B}"
EndProject
Project("{FAE04EC0-301F-11D3-BF4B-00C04F79EFBC}") = "Helper.Enums", "Helper\Enums\Helper.Enums.csproj", "{C9ED3C3E-1F1C-48DF-8384-7BEA826A0A70}"
EndProject
Global
	GlobalSection(SolutionConfigurationPlatforms) = preSolution
		Debug|Any CPU = Debug|Any CPU
		Release|Any CPU = Release|Any CPU
	EndGlobalSection
	GlobalSection(ProjectConfigurationPlatforms) = postSolution
		{B68E6B67-9084-4F72-B089-F770126FAA43}.Debug|Any CPU.ActiveCfg = Debug|Any CPU
		{B68E6B67-9084-4F72-B089-F770126FAA43}.Debug|Any CPU.Build.0 = Debug|Any CPU
		{B68E6B67-9084-4F72-B089-F770126FAA43}.Release|Any CPU.ActiveCfg = Release|Any CPU
		{B68E6B67-9084-4F72-B089-F770126FAA43}.Release|Any CPU.Build.0 = Release|Any CPU
		{606C4DD6-3FF7-4B27-8F85-20F6D4170661}.Debug|Any CPU.ActiveCfg = Debug|Any CPU
		{606C4DD6-3FF7-4B27-8F85-20F6D4170661}.Debug|Any CPU.Build.0 = Debug|Any CPU
		{606C4DD6-3FF7-4B27-8F85-20F6D4170661}.Release|Any CPU.ActiveCfg = Release|Any CPU
		{606C4DD6-3FF7-4B27-8F85-20F6D4170661}.Release|Any CPU.Build.0 = Release|Any CPU
		{F207FEF9-8E89-4C17-B054-BBE6BDE77FEF}.Debug|Any CPU.ActiveCfg = Debug|Any CPU
		{F207FEF9-8E89-4C17-B054-BBE6BDE77FEF}.Debug|Any CPU.Build.0 = Debug|Any CPU
		{F207FEF9-8E89-4C17-B054-BBE6BDE77FEF}.Release|Any CPU.ActiveCfg = Release|Any CPU
		{F207FEF9-8E89-4C17-B054-BBE6BDE77FEF}.Release|Any CPU.Build.0 = Release|Any CPU
		{E64340BC-F7A6-4AD7-88E9-CE04FA9FB25D}.Debug|Any CPU.ActiveCfg = Debug|Any CPU
		{E64340BC-F7A6-4AD7-88E9-CE04FA9FB25D}.Debug|Any CPU.Build.0 = Debug|Any CPU
		{E64340BC-F7A6-4AD7-88E9-CE04FA9FB25D}.Release|Any CPU.ActiveCfg = Release|Any CPU
		{E64340BC-F7A6-4AD7-88E9-CE04FA9FB25D}.Release|Any CPU.Build.0 = Release|Any CPU
		{CDE38180-2724-457D-9374-04A5F347F005}.Debug|Any CPU.ActiveCfg = Debug|Any CPU
		{CDE38180-2724-457D-9374-04A5F347F005}.Debug|Any CPU.Build.0 = Debug|Any CPU
		{CDE38180-2724-457D-9374-04A5F347F005}.Release|Any CPU.ActiveCfg = Release|Any CPU
		{CDE38180-2724-457D-9374-04A5F347F005}.Release|Any CPU.Build.0 = Release|Any CPU
		{E06496E0-EF58-47D3-9726-6889117B1951}.Debug|Any CPU.ActiveCfg = Debug|Any CPU
		{E06496E0-EF58-47D3-9726-6889117B1951}.Debug|Any CPU.Build.0 = Debug|Any CPU
		{E06496E0-EF58-47D3-9726-6889117B1951}.Release|Any CPU.ActiveCfg = Release|Any CPU
		{E06496E0-EF58-47D3-9726-6889117B1951}.Release|Any CPU.Build.0 = Release|Any CPU
		{8604DA06-16F4-44FF-9C6F-0D286A8E6632}.Debug|Any CPU.ActiveCfg = Debug|Any CPU
		{8604DA06-16F4-44FF-9C6F-0D286A8E6632}.Debug|Any CPU.Build.0 = Debug|Any CPU
		{8604DA06-16F4-44FF-9C6F-0D286A8E6632}.Release|Any CPU.ActiveCfg = Release|Any CPU
		{8604DA06-16F4-44FF-9C6F-0D286A8E6632}.Release|Any CPU.Build.0 = Release|Any CPU
		{2D33A5A4-D2B3-4CF6-9C5E-B7BD4FEE30C4}.Debug|Any CPU.ActiveCfg = Debug|Any CPU
		{2D33A5A4-D2B3-4CF6-9C5E-B7BD4FEE30C4}.Debug|Any CPU.Build.0 = Debug|Any CPU
		{2D33A5A4-D2B3-4CF6-9C5E-B7BD4FEE30C4}.Release|Any CPU.ActiveCfg = Release|Any CPU
		{2D33A5A4-D2B3-4CF6-9C5E-B7BD4FEE30C4}.Release|Any CPU.Build.0 = Release|Any CPU
		{7D6541CE-527C-45F7-9AE6-E809A3E68900}.Debug|Any CPU.ActiveCfg = Debug|Any CPU
		{7D6541CE-527C-45F7-9AE6-E809A3E68900}.Debug|Any CPU.Build.0 = Debug|Any CPU
		{7D6541CE-527C-45F7-9AE6-E809A3E68900}.Release|Any CPU.ActiveCfg = Release|Any CPU
		{7D6541CE-527C-45F7-9AE6-E809A3E68900}.Release|Any CPU.Build.0 = Release|Any CPU
		{39CCF17B-32F4-43E5-83D1-57E3AE0A7112}.Debug|Any CPU.ActiveCfg = Debug|Any CPU
		{39CCF17B-32F4-43E5-83D1-57E3AE0A7112}.Debug|Any CPU.Build.0 = Debug|Any CPU
		{39CCF17B-32F4-43E5-83D1-57E3AE0A7112}.Release|Any CPU.ActiveCfg = Release|Any CPU
		{39CCF17B-32F4-43E5-83D1-57E3AE0A7112}.Release|Any CPU.Build.0 = Release|Any CPU
		{04E5876F-AD0B-4636-B3A0-0179BFED8F97}.Debug|Any CPU.ActiveCfg = Debug|Any CPU
		{04E5876F-AD0B-4636-B3A0-0179BFED8F97}.Debug|Any CPU.Build.0 = Debug|Any CPU
		{04E5876F-AD0B-4636-B3A0-0179BFED8F97}.Release|Any CPU.ActiveCfg = Release|Any CPU
		{04E5876F-AD0B-4636-B3A0-0179BFED8F97}.Release|Any CPU.Build.0 = Release|Any CPU
		{20C7B7B5-5CC4-4F4D-9B8C-759E18F967DE}.Debug|Any CPU.ActiveCfg = Debug|Any CPU
		{20C7B7B5-5CC4-4F4D-9B8C-759E18F967DE}.Debug|Any CPU.Build.0 = Debug|Any CPU
		{20C7B7B5-5CC4-4F4D-9B8C-759E18F967DE}.Release|Any CPU.ActiveCfg = Release|Any CPU
		{20C7B7B5-5CC4-4F4D-9B8C-759E18F967DE}.Release|Any CPU.Build.0 = Release|Any CPU
		{28BF0FA9-6708-4F10-95EE-258D5811A3DD}.Debug|Any CPU.ActiveCfg = Debug|Any CPU
		{28BF0FA9-6708-4F10-95EE-258D5811A3DD}.Debug|Any CPU.Build.0 = Debug|Any CPU
		{28BF0FA9-6708-4F10-95EE-258D5811A3DD}.Release|Any CPU.ActiveCfg = Release|Any CPU
		{28BF0FA9-6708-4F10-95EE-258D5811A3DD}.Release|Any CPU.Build.0 = Release|Any CPU
		{B74F72E8-A37F-4724-852F-BF659396031B}.Debug|Any CPU.ActiveCfg = Debug|Any CPU
		{B74F72E8-A37F-4724-852F-BF659396031B}.Debug|Any CPU.Build.0 = Debug|Any CPU
		{B74F72E8-A37F-4724-852F-BF659396031B}.Release|Any CPU.ActiveCfg = Release|Any CPU
		{B74F72E8-A37F-4724-852F-BF659396031B}.Release|Any CPU.Build.0 = Release|Any CPU
		{87A39265-22D3-4E5E-BFD2-F9A1221ACC36}.Debug|Any CPU.ActiveCfg = Debug|Any CPU
		{87A39265-22D3-4E5E-BFD2-F9A1221ACC36}.Debug|Any CPU.Build.0 = Debug|Any CPU
		{87A39265-22D3-4E5E-BFD2-F9A1221ACC36}.Release|Any CPU.ActiveCfg = Release|Any CPU
		{87A39265-22D3-4E5E-BFD2-F9A1221ACC36}.Release|Any CPU.Build.0 = Release|Any CPU
		{0A0254A3-62BD-45DE-9AE6-806C9A83CD1A}.Debug|Any CPU.ActiveCfg = Debug|Any CPU
		{0A0254A3-62BD-45DE-9AE6-806C9A83CD1A}.Debug|Any CPU.Build.0 = Debug|Any CPU
		{0A0254A3-62BD-45DE-9AE6-806C9A83CD1A}.Release|Any CPU.ActiveCfg = Release|Any CPU
		{0A0254A3-62BD-45DE-9AE6-806C9A83CD1A}.Release|Any CPU.Build.0 = Release|Any CPU
		{4489634F-67AA-40D1-B0A6-592293ADAF77}.Debug|Any CPU.ActiveCfg = Debug|Any CPU
		{4489634F-67AA-40D1-B0A6-592293ADAF77}.Debug|Any CPU.Build.0 = Debug|Any CPU
		{4489634F-67AA-40D1-B0A6-592293ADAF77}.Release|Any CPU.ActiveCfg = Release|Any CPU
		{4489634F-67AA-40D1-B0A6-592293ADAF77}.Release|Any CPU.Build.0 = Release|Any CPU
		{DB73A0FF-CFC8-4267-BDF1-23A8F44D9E2D}.Debug|Any CPU.ActiveCfg = Debug|Any CPU
		{DB73A0FF-CFC8-4267-BDF1-23A8F44D9E2D}.Debug|Any CPU.Build.0 = Debug|Any CPU
		{DB73A0FF-CFC8-4267-BDF1-23A8F44D9E2D}.Release|Any CPU.ActiveCfg = Release|Any CPU
		{DB73A0FF-CFC8-4267-BDF1-23A8F44D9E2D}.Release|Any CPU.Build.0 = Release|Any CPU
		{F1F28673-726B-4FF2-93AF-C3170482ABBD}.Debug|Any CPU.ActiveCfg = Debug|Any CPU
		{F1F28673-726B-4FF2-93AF-C3170482ABBD}.Debug|Any CPU.Build.0 = Debug|Any CPU
		{F1F28673-726B-4FF2-93AF-C3170482ABBD}.Release|Any CPU.ActiveCfg = Release|Any CPU
		{F1F28673-726B-4FF2-93AF-C3170482ABBD}.Release|Any CPU.Build.0 = Release|Any CPU
		{F4E31110-07C8-4364-A788-C8F87E9DE17D}.Debug|Any CPU.ActiveCfg = Debug|Any CPU
		{F4E31110-07C8-4364-A788-C8F87E9DE17D}.Debug|Any CPU.Build.0 = Debug|Any CPU
		{F4E31110-07C8-4364-A788-C8F87E9DE17D}.Release|Any CPU.ActiveCfg = Release|Any CPU
		{F4E31110-07C8-4364-A788-C8F87E9DE17D}.Release|Any CPU.Build.0 = Release|Any CPU
		{30FF00AC-1291-42BF-969B-BCBFE1AB0926}.Debug|Any CPU.ActiveCfg = Debug|Any CPU
		{30FF00AC-1291-42BF-969B-BCBFE1AB0926}.Debug|Any CPU.Build.0 = Debug|Any CPU
		{30FF00AC-1291-42BF-969B-BCBFE1AB0926}.Release|Any CPU.ActiveCfg = Release|Any CPU
		{30FF00AC-1291-42BF-969B-BCBFE1AB0926}.Release|Any CPU.Build.0 = Release|Any CPU
		{2532D203-14DA-4777-ADB9-CECF4B10B462}.Debug|Any CPU.ActiveCfg = Debug|Any CPU
		{2532D203-14DA-4777-ADB9-CECF4B10B462}.Debug|Any CPU.Build.0 = Debug|Any CPU
		{2532D203-14DA-4777-ADB9-CECF4B10B462}.Release|Any CPU.ActiveCfg = Release|Any CPU
		{2532D203-14DA-4777-ADB9-CECF4B10B462}.Release|Any CPU.Build.0 = Release|Any CPU
		{18264CBD-8B53-473F-8F75-2C78F538EAB7}.Debug|Any CPU.ActiveCfg = Debug|Any CPU
		{18264CBD-8B53-473F-8F75-2C78F538EAB7}.Debug|Any CPU.Build.0 = Debug|Any CPU
		{18264CBD-8B53-473F-8F75-2C78F538EAB7}.Release|Any CPU.ActiveCfg = Release|Any CPU
		{18264CBD-8B53-473F-8F75-2C78F538EAB7}.Release|Any CPU.Build.0 = Release|Any CPU
		{B8D54DB3-A079-44DE-B49F-84792D3DCF4E}.Debug|Any CPU.ActiveCfg = Debug|Any CPU
		{B8D54DB3-A079-44DE-B49F-84792D3DCF4E}.Debug|Any CPU.Build.0 = Debug|Any CPU
		{B8D54DB3-A079-44DE-B49F-84792D3DCF4E}.Release|Any CPU.ActiveCfg = Release|Any CPU
		{B8D54DB3-A079-44DE-B49F-84792D3DCF4E}.Release|Any CPU.Build.0 = Release|Any CPU
		{19AE23C9-B661-4940-B243-DFA04A4F74F3}.Debug|Any CPU.ActiveCfg = Debug|Any CPU
		{19AE23C9-B661-4940-B243-DFA04A4F74F3}.Debug|Any CPU.Build.0 = Debug|Any CPU
		{19AE23C9-B661-4940-B243-DFA04A4F74F3}.Release|Any CPU.ActiveCfg = Release|Any CPU
		{19AE23C9-B661-4940-B243-DFA04A4F74F3}.Release|Any CPU.Build.0 = Release|Any CPU
		{5ABC7F53-FB3B-41EB-8218-475A2CF5A66E}.Debug|Any CPU.ActiveCfg = Debug|Any CPU
		{5ABC7F53-FB3B-41EB-8218-475A2CF5A66E}.Debug|Any CPU.Build.0 = Debug|Any CPU
		{5ABC7F53-FB3B-41EB-8218-475A2CF5A66E}.Release|Any CPU.ActiveCfg = Release|Any CPU
		{5ABC7F53-FB3B-41EB-8218-475A2CF5A66E}.Release|Any CPU.Build.0 = Release|Any CPU
		{A245B284-2A3C-46D2-8083-23FF364F53A5}.Debug|Any CPU.ActiveCfg = Debug|Any CPU
		{A245B284-2A3C-46D2-8083-23FF364F53A5}.Debug|Any CPU.Build.0 = Debug|Any CPU
		{A245B284-2A3C-46D2-8083-23FF364F53A5}.Release|Any CPU.ActiveCfg = Release|Any CPU
		{A245B284-2A3C-46D2-8083-23FF364F53A5}.Release|Any CPU.Build.0 = Release|Any CPU
		{B2059717-A83F-4C68-B5E5-690558E4350B}.Debug|Any CPU.ActiveCfg = Debug|Any CPU
		{B2059717-A83F-4C68-B5E5-690558E4350B}.Debug|Any CPU.Build.0 = Debug|Any CPU
		{B2059717-A83F-4C68-B5E5-690558E4350B}.Release|Any CPU.ActiveCfg = Release|Any CPU
		{B2059717-A83F-4C68-B5E5-690558E4350B}.Release|Any CPU.Build.0 = Release|Any CPU
		{AF8EF9F5-0CE1-4BA1-8702-FB26C41EBD28}.Debug|Any CPU.ActiveCfg = Debug|Any CPU
		{AF8EF9F5-0CE1-4BA1-8702-FB26C41EBD28}.Debug|Any CPU.Build.0 = Debug|Any CPU
		{AF8EF9F5-0CE1-4BA1-8702-FB26C41EBD28}.Release|Any CPU.ActiveCfg = Release|Any CPU
		{AF8EF9F5-0CE1-4BA1-8702-FB26C41EBD28}.Release|Any CPU.Build.0 = Release|Any CPU
		{39C01E04-15BF-4C60-B677-321CD39B8279}.Debug|Any CPU.ActiveCfg = Debug|Any CPU
		{39C01E04-15BF-4C60-B677-321CD39B8279}.Debug|Any CPU.Build.0 = Debug|Any CPU
		{39C01E04-15BF-4C60-B677-321CD39B8279}.Release|Any CPU.ActiveCfg = Release|Any CPU
		{39C01E04-15BF-4C60-B677-321CD39B8279}.Release|Any CPU.Build.0 = Release|Any CPU
		{E2067B9F-23D4-4D75-9D08-EE9D28D6D717}.Debug|Any CPU.ActiveCfg = Debug|Any CPU
		{E2067B9F-23D4-4D75-9D08-EE9D28D6D717}.Debug|Any CPU.Build.0 = Debug|Any CPU
		{E2067B9F-23D4-4D75-9D08-EE9D28D6D717}.Release|Any CPU.ActiveCfg = Release|Any CPU
		{E2067B9F-23D4-4D75-9D08-EE9D28D6D717}.Release|Any CPU.Build.0 = Release|Any CPU
		{52C73532-641C-4F5F-B53C-668FF5D16BDA}.Debug|Any CPU.ActiveCfg = Debug|Any CPU
		{52C73532-641C-4F5F-B53C-668FF5D16BDA}.Debug|Any CPU.Build.0 = Debug|Any CPU
		{52C73532-641C-4F5F-B53C-668FF5D16BDA}.Release|Any CPU.ActiveCfg = Release|Any CPU
		{52C73532-641C-4F5F-B53C-668FF5D16BDA}.Release|Any CPU.Build.0 = Release|Any CPU
		{1416FBFE-0BA8-4C10-9906-1AEB53BD80E6}.Debug|Any CPU.ActiveCfg = Debug|Any CPU
		{1416FBFE-0BA8-4C10-9906-1AEB53BD80E6}.Debug|Any CPU.Build.0 = Debug|Any CPU
		{1416FBFE-0BA8-4C10-9906-1AEB53BD80E6}.Release|Any CPU.ActiveCfg = Release|Any CPU
		{1416FBFE-0BA8-4C10-9906-1AEB53BD80E6}.Release|Any CPU.Build.0 = Release|Any CPU
		{80338BCC-320E-4060-8C45-BE41B55CB78E}.Debug|Any CPU.ActiveCfg = Debug|Any CPU
		{80338BCC-320E-4060-8C45-BE41B55CB78E}.Debug|Any CPU.Build.0 = Debug|Any CPU
		{80338BCC-320E-4060-8C45-BE41B55CB78E}.Release|Any CPU.ActiveCfg = Release|Any CPU
		{80338BCC-320E-4060-8C45-BE41B55CB78E}.Release|Any CPU.Build.0 = Release|Any CPU
		{AA5E5EDF-53A9-4632-8660-6ACDC8B52C69}.Debug|Any CPU.ActiveCfg = Debug|Any CPU
		{AA5E5EDF-53A9-4632-8660-6ACDC8B52C69}.Debug|Any CPU.Build.0 = Debug|Any CPU
		{AA5E5EDF-53A9-4632-8660-6ACDC8B52C69}.Release|Any CPU.ActiveCfg = Release|Any CPU
		{AA5E5EDF-53A9-4632-8660-6ACDC8B52C69}.Release|Any CPU.Build.0 = Release|Any CPU
		{E629AD05-0134-4F2F-80BA-8A19C4D3B500}.Debug|Any CPU.ActiveCfg = Debug|Any CPU
		{E629AD05-0134-4F2F-80BA-8A19C4D3B500}.Debug|Any CPU.Build.0 = Debug|Any CPU
		{E629AD05-0134-4F2F-80BA-8A19C4D3B500}.Release|Any CPU.ActiveCfg = Release|Any CPU
		{E629AD05-0134-4F2F-80BA-8A19C4D3B500}.Release|Any CPU.Build.0 = Release|Any CPU
		{6D176550-8B89-4C7C-A595-47A20C34B22E}.Debug|Any CPU.ActiveCfg = Debug|Any CPU
		{6D176550-8B89-4C7C-A595-47A20C34B22E}.Debug|Any CPU.Build.0 = Debug|Any CPU
		{6D176550-8B89-4C7C-A595-47A20C34B22E}.Release|Any CPU.ActiveCfg = Release|Any CPU
		{6D176550-8B89-4C7C-A595-47A20C34B22E}.Release|Any CPU.Build.0 = Release|Any CPU
		{1D6C22D5-319B-46DE-9FB9-79CE5D4B7ADE}.Debug|Any CPU.ActiveCfg = Debug|Any CPU
		{1D6C22D5-319B-46DE-9FB9-79CE5D4B7ADE}.Debug|Any CPU.Build.0 = Debug|Any CPU
		{1D6C22D5-319B-46DE-9FB9-79CE5D4B7ADE}.Release|Any CPU.ActiveCfg = Release|Any CPU
		{1D6C22D5-319B-46DE-9FB9-79CE5D4B7ADE}.Release|Any CPU.Build.0 = Release|Any CPU
		{46FF2FB4-272E-45E4-91B7-065FC6260537}.Debug|Any CPU.ActiveCfg = Debug|Any CPU
		{46FF2FB4-272E-45E4-91B7-065FC6260537}.Debug|Any CPU.Build.0 = Debug|Any CPU
		{46FF2FB4-272E-45E4-91B7-065FC6260537}.Release|Any CPU.ActiveCfg = Release|Any CPU
		{46FF2FB4-272E-45E4-91B7-065FC6260537}.Release|Any CPU.Build.0 = Release|Any CPU
		{61666C74-2043-463F-B1AA-71232C9A27EE}.Debug|Any CPU.ActiveCfg = Debug|Any CPU
		{61666C74-2043-463F-B1AA-71232C9A27EE}.Debug|Any CPU.Build.0 = Debug|Any CPU
		{61666C74-2043-463F-B1AA-71232C9A27EE}.Release|Any CPU.ActiveCfg = Release|Any CPU
		{61666C74-2043-463F-B1AA-71232C9A27EE}.Release|Any CPU.Build.0 = Release|Any CPU
		{75B6C219-612E-46F0-9755-FADC23387588}.Debug|Any CPU.ActiveCfg = Debug|Any CPU
		{75B6C219-612E-46F0-9755-FADC23387588}.Debug|Any CPU.Build.0 = Debug|Any CPU
		{75B6C219-612E-46F0-9755-FADC23387588}.Release|Any CPU.ActiveCfg = Release|Any CPU
		{75B6C219-612E-46F0-9755-FADC23387588}.Release|Any CPU.Build.0 = Release|Any CPU
		{100DA653-662B-4B33-B1B3-C86940E6DE86}.Debug|Any CPU.ActiveCfg = Debug|Any CPU
		{100DA653-662B-4B33-B1B3-C86940E6DE86}.Debug|Any CPU.Build.0 = Debug|Any CPU
		{100DA653-662B-4B33-B1B3-C86940E6DE86}.Release|Any CPU.ActiveCfg = Release|Any CPU
		{100DA653-662B-4B33-B1B3-C86940E6DE86}.Release|Any CPU.Build.0 = Release|Any CPU
		{AB3E77AB-58B5-4A7D-BF7D-EBB37710DEC5}.Debug|Any CPU.ActiveCfg = Debug|Any CPU
		{AB3E77AB-58B5-4A7D-BF7D-EBB37710DEC5}.Debug|Any CPU.Build.0 = Debug|Any CPU
		{AB3E77AB-58B5-4A7D-BF7D-EBB37710DEC5}.Release|Any CPU.ActiveCfg = Release|Any CPU
		{AB3E77AB-58B5-4A7D-BF7D-EBB37710DEC5}.Release|Any CPU.Build.0 = Release|Any CPU
		{533289C0-D1D7-454F-AE9C-113CC700F237}.Debug|Any CPU.ActiveCfg = Debug|Any CPU
		{533289C0-D1D7-454F-AE9C-113CC700F237}.Debug|Any CPU.Build.0 = Debug|Any CPU
		{533289C0-D1D7-454F-AE9C-113CC700F237}.Release|Any CPU.ActiveCfg = Release|Any CPU
		{533289C0-D1D7-454F-AE9C-113CC700F237}.Release|Any CPU.Build.0 = Release|Any CPU
		{A5B67AC2-4392-43B1-B98D-859EAA83945B}.Debug|Any CPU.ActiveCfg = Debug|Any CPU
		{A5B67AC2-4392-43B1-B98D-859EAA83945B}.Debug|Any CPU.Build.0 = Debug|Any CPU
		{A5B67AC2-4392-43B1-B98D-859EAA83945B}.Release|Any CPU.ActiveCfg = Release|Any CPU
		{A5B67AC2-4392-43B1-B98D-859EAA83945B}.Release|Any CPU.Build.0 = Release|Any CPU
		{C9ED3C3E-1F1C-48DF-8384-7BEA826A0A70}.Debug|Any CPU.ActiveCfg = Debug|Any CPU
		{C9ED3C3E-1F1C-48DF-8384-7BEA826A0A70}.Debug|Any CPU.Build.0 = Debug|Any CPU
		{C9ED3C3E-1F1C-48DF-8384-7BEA826A0A70}.Release|Any CPU.ActiveCfg = Release|Any CPU
		{C9ED3C3E-1F1C-48DF-8384-7BEA826A0A70}.Release|Any CPU.Build.0 = Release|Any CPU
	EndGlobalSection
	GlobalSection(SolutionProperties) = preSolution
		HideSolutionNode = FALSE
	EndGlobalSection
	GlobalSection(NestedProjects) = preSolution
		{B68E6B67-9084-4F72-B089-F770126FAA43} = {9246C7EC-6CF0-4D20-B1C5-466E43043523}
		{606C4DD6-3FF7-4B27-8F85-20F6D4170661} = {5C681BBE-C2C7-4AAC-8E8F-46685D715B15}
		{F207FEF9-8E89-4C17-B054-BBE6BDE77FEF} = {3E69C454-0761-4F0B-B42E-01FEF4CE425A}
		{CF0F5407-380F-4BE2-9077-7639D744626C} = {637B50E2-D9EF-487D-82D4-174EC8A0C5B6}
		{4AEA4FD5-3C89-4826-AACE-B5222D11B196} = {CF0F5407-380F-4BE2-9077-7639D744626C}
		{BF539BF9-D0C2-4EDB-BE52-0D9BAFBA77AE} = {4AEA4FD5-3C89-4826-AACE-B5222D11B196}
		{41F3A245-24F1-4DF3-B21A-6E319391943C} = {637B50E2-D9EF-487D-82D4-174EC8A0C5B6}
		{96E1AE6E-74E7-491D-8984-CB555D05ECFD} = {41F3A245-24F1-4DF3-B21A-6E319391943C}
		{D5499BEF-0ED1-43E6-93E1-C0521989EAF1} = {41F3A245-24F1-4DF3-B21A-6E319391943C}
		{A39FC80F-5F3A-46CC-9671-914425345146} = {41F3A245-24F1-4DF3-B21A-6E319391943C}
		{E64340BC-F7A6-4AD7-88E9-CE04FA9FB25D} = {96E1AE6E-74E7-491D-8984-CB555D05ECFD}
		{CDE38180-2724-457D-9374-04A5F347F005} = {96E1AE6E-74E7-491D-8984-CB555D05ECFD}
		{E06496E0-EF58-47D3-9726-6889117B1951} = {96E1AE6E-74E7-491D-8984-CB555D05ECFD}
		{8604DA06-16F4-44FF-9C6F-0D286A8E6632} = {96E1AE6E-74E7-491D-8984-CB555D05ECFD}
		{2D33A5A4-D2B3-4CF6-9C5E-B7BD4FEE30C4} = {96E1AE6E-74E7-491D-8984-CB555D05ECFD}
		{7D6541CE-527C-45F7-9AE6-E809A3E68900} = {96E1AE6E-74E7-491D-8984-CB555D05ECFD}
		{39CCF17B-32F4-43E5-83D1-57E3AE0A7112} = {96E1AE6E-74E7-491D-8984-CB555D05ECFD}
		{04E5876F-AD0B-4636-B3A0-0179BFED8F97} = {96E1AE6E-74E7-491D-8984-CB555D05ECFD}
		{20C7B7B5-5CC4-4F4D-9B8C-759E18F967DE} = {96E1AE6E-74E7-491D-8984-CB555D05ECFD}
		{28BF0FA9-6708-4F10-95EE-258D5811A3DD} = {96E1AE6E-74E7-491D-8984-CB555D05ECFD}
		{B74F72E8-A37F-4724-852F-BF659396031B} = {96E1AE6E-74E7-491D-8984-CB555D05ECFD}
		{87A39265-22D3-4E5E-BFD2-F9A1221ACC36} = {D5499BEF-0ED1-43E6-93E1-C0521989EAF1}
		{0A0254A3-62BD-45DE-9AE6-806C9A83CD1A} = {D5499BEF-0ED1-43E6-93E1-C0521989EAF1}
		{4489634F-67AA-40D1-B0A6-592293ADAF77} = {D5499BEF-0ED1-43E6-93E1-C0521989EAF1}
		{DB73A0FF-CFC8-4267-BDF1-23A8F44D9E2D} = {D5499BEF-0ED1-43E6-93E1-C0521989EAF1}
		{F1F28673-726B-4FF2-93AF-C3170482ABBD} = {D5499BEF-0ED1-43E6-93E1-C0521989EAF1}
		{F4E31110-07C8-4364-A788-C8F87E9DE17D} = {A39FC80F-5F3A-46CC-9671-914425345146}
		{30FF00AC-1291-42BF-969B-BCBFE1AB0926} = {A39FC80F-5F3A-46CC-9671-914425345146}
		{2532D203-14DA-4777-ADB9-CECF4B10B462} = {A39FC80F-5F3A-46CC-9671-914425345146}
		{18264CBD-8B53-473F-8F75-2C78F538EAB7} = {A39FC80F-5F3A-46CC-9671-914425345146}
		{B8D54DB3-A079-44DE-B49F-84792D3DCF4E} = {A39FC80F-5F3A-46CC-9671-914425345146}
		{19AE23C9-B661-4940-B243-DFA04A4F74F3} = {A39FC80F-5F3A-46CC-9671-914425345146}
		{5ABC7F53-FB3B-41EB-8218-475A2CF5A66E} = {A39FC80F-5F3A-46CC-9671-914425345146}
		{A245B284-2A3C-46D2-8083-23FF364F53A5} = {2BEBDFFA-CC17-4554-8DE8-3912E69B3830}
		{B2059717-A83F-4C68-B5E5-690558E4350B} = {2BEBDFFA-CC17-4554-8DE8-3912E69B3830}
		{AF8EF9F5-0CE1-4BA1-8702-FB26C41EBD28} = {2BEBDFFA-CC17-4554-8DE8-3912E69B3830}
		{39C01E04-15BF-4C60-B677-321CD39B8279} = {2BEBDFFA-CC17-4554-8DE8-3912E69B3830}
		{E2067B9F-23D4-4D75-9D08-EE9D28D6D717} = {2BEBDFFA-CC17-4554-8DE8-3912E69B3830}
		{52C73532-641C-4F5F-B53C-668FF5D16BDA} = {2BEBDFFA-CC17-4554-8DE8-3912E69B3830}
		{1416FBFE-0BA8-4C10-9906-1AEB53BD80E6} = {2BEBDFFA-CC17-4554-8DE8-3912E69B3830}
		{80338BCC-320E-4060-8C45-BE41B55CB78E} = {8D39B4E0-0378-43CF-95F7-DD37C2512C88}
		{AA5E5EDF-53A9-4632-8660-6ACDC8B52C69} = {8D39B4E0-0378-43CF-95F7-DD37C2512C88}
		{E629AD05-0134-4F2F-80BA-8A19C4D3B500} = {8D39B4E0-0378-43CF-95F7-DD37C2512C88}
		{6D176550-8B89-4C7C-A595-47A20C34B22E} = {070CCD8F-6F44-444E-9B44-7330EA0B1336}
		{1D6C22D5-319B-46DE-9FB9-79CE5D4B7ADE} = {070CCD8F-6F44-444E-9B44-7330EA0B1336}
		{46FF2FB4-272E-45E4-91B7-065FC6260537} = {070CCD8F-6F44-444E-9B44-7330EA0B1336}
		{61666C74-2043-463F-B1AA-71232C9A27EE} = {070CCD8F-6F44-444E-9B44-7330EA0B1336}
		{75B6C219-612E-46F0-9755-FADC23387588} = {99173713-E9BD-4192-9520-028E0C1F72C3}
		{100DA653-662B-4B33-B1B3-C86940E6DE86} = {8C527754-9CDB-4E83-ADC5-65327694990B}
		{AB3E77AB-58B5-4A7D-BF7D-EBB37710DEC5} = {1F9769E9-75FC-4D34-9105-DC423D8B7AD2}
		{533289C0-D1D7-454F-AE9C-113CC700F237} = {23ADE02A-7C87-43A7-B3DC-4C13EADC0155}
		{A5B67AC2-4392-43B1-B98D-859EAA83945B} = {2BEBDFFA-CC17-4554-8DE8-3912E69B3830}
		{C9ED3C3E-1F1C-48DF-8384-7BEA826A0A70} = {2BEBDFFA-CC17-4554-8DE8-3912E69B3830}
	EndGlobalSection
EndGlobal
